
Microsoft Visual Studio Solution File, Format Version 12.00
# Visual Studio 2012
Project("{FAE04EC0-301F-11D3-BF4B-00C04F79EFBC}") = "WFAppDbPro", "WFAppDbPro\WFAppDbPro.csproj", "{8F7B657E-F8C6-445D-B3AD-235F4F5BA687}"
EndProject
Global
	GlobalSection(SolutionConfigurationPlatforms) = preSolution
		Debug|Any CPU = Debug|Any CPU
		Release|Any CPU = Release|Any CPU
	EndGlobalSection
	GlobalSection(ProjectConfigurationPlatforms) = postSolution
		{8F7B657E-F8C6-445D-B3AD-235F4F5BA687}.Debug|Any CPU.ActiveCfg = Debug|Any CPU
		{8F7B657E-F8C6-445D-B3AD-235F4F5BA687}.Debug|Any CPU.Build.0 = Debug|Any CPU
		{8F7B657E-F8C6-445D-B3AD-235F4F5BA687}.Release|Any CPU.ActiveCfg = Release|Any CPU
		{8F7B657E-F8C6-445D-B3AD-235F4F5BA687}.Release|Any CPU.Build.0 = Release|Any CPU
	EndGlobalSection
	GlobalSection(SolutionProperties) = preSolution
		HideSolutionNode = FALSE
	EndGlobalSection
EndGlobal
