
Microsoft Visual Studio Solution File, Format Version 12.00
# Visual Studio Version 16
VisualStudioVersion = 16.0.32510.428
MinimumVisualStudioVersion = 10.0.40219.1
Project("{FAE04EC0-301F-11D3-BF4B-00C04F79EFBC}") = "ConsoleAppSingleInheritance", "ConsoleAppSingleInheritance\ConsoleAppSingleInheritance.csproj", "{64A5EB8C-DFF6-46EB-BAA8-A22ADA55AAAC}"
EndProject
Global
	GlobalSection(SolutionConfigurationPlatforms) = preSolution
		Debug|Any CPU = Debug|Any CPU
		Release|Any CPU = Release|Any CPU
	EndGlobalSection
	GlobalSection(ProjectConfigurationPlatforms) = postSolution
		{64A5EB8C-DFF6-46EB-BAA8-A22ADA55AAAC}.Debug|Any CPU.ActiveCfg = Debug|Any CPU
		{64A5EB8C-DFF6-46EB-BAA8-A22ADA55AAAC}.Debug|Any CPU.Build.0 = Debug|Any CPU
		{64A5EB8C-DFF6-46EB-BAA8-A22ADA55AAAC}.Release|Any CPU.ActiveCfg = Release|Any CPU
		{64A5EB8C-DFF6-46EB-BAA8-A22ADA55AAAC}.Release|Any CPU.Build.0 = Release|Any CPU
	EndGlobalSection
	GlobalSection(SolutionProperties) = preSolution
		HideSolutionNode = FALSE
	EndGlobalSection
	GlobalSection(ExtensibilityGlobals) = postSolution
		SolutionGuid = {3173248D-A5FB-41F6-9832-369AA30BE9F1}
	EndGlobalSection
EndGlobal
