
Microsoft Visual Studio Solution File, Format Version 12.00
# Visual Studio Version 17
VisualStudioVersion = 17.2.32526.322
MinimumVisualStudioVersion = 10.0.40219.1
Project("{FAE04EC0-301F-11D3-BF4B-00C04F79EFBC}") = "CalculatorAssignment", "CalculatorAssignment\CalculatorAssignment.csproj", "{E3D96C84-B118-4F9A-8C88-43191204B3E7}"
EndProject
Global
	GlobalSection(SolutionConfigurationPlatforms) = preSolution
		Debug|Any CPU = Debug|Any CPU
		Release|Any CPU = Release|Any CPU
	EndGlobalSection
	GlobalSection(ProjectConfigurationPlatforms) = postSolution
		{E3D96C84-B118-4F9A-8C88-43191204B3E7}.Debug|Any CPU.ActiveCfg = Debug|Any CPU
		{E3D96C84-B118-4F9A-8C88-43191204B3E7}.Debug|Any CPU.Build.0 = Debug|Any CPU
		{E3D96C84-B118-4F9A-8C88-43191204B3E7}.Release|Any CPU.ActiveCfg = Release|Any CPU
		{E3D96C84-B118-4F9A-8C88-43191204B3E7}.Release|Any CPU.Build.0 = Release|Any CPU
	EndGlobalSection
	GlobalSection(SolutionProperties) = preSolution
		HideSolutionNode = FALSE
	EndGlobalSection
	GlobalSection(ExtensibilityGlobals) = postSolution
		SolutionGuid = {C0479B2F-872B-4B49-AD9A-330D4E987B6B}
	EndGlobalSection
EndGlobal
