
Microsoft Visual Studio Solution File, Format Version 12.00
# Visual Studio Version 17
VisualStudioVersion = 17.2.32516.85
MinimumVisualStudioVersion = 10.0.40219.1
Project("{FAE04EC0-301F-11D3-BF4B-00C04F79EFBC}") = "ConsoleAppAMPro", "ConsoleAppAMPro\ConsoleAppAMPro.csproj", "{C2A15C15-ACB2-41B3-A13C-AF18AADFD633}"
EndProject
Project("{FAE04EC0-301F-11D3-BF4B-00C04F79EFBC}") = "ConsoleAppRandom", "ConsoleAppRandom\ConsoleAppRandom.csproj", "{BB865B02-F54F-491F-B606-76C0F86FD039}"
EndProject
Project("{FAE04EC0-301F-11D3-BF4B-00C04F79EFBC}") = "ClassLibrary1", "ClassLibrary1\ClassLibrary1.csproj", "{70006319-0CEC-4C28-A666-BBC2B8398949}"
EndProject
Global
	GlobalSection(SolutionConfigurationPlatforms) = preSolution
		Debug|Any CPU = Debug|Any CPU
		Release|Any CPU = Release|Any CPU
	EndGlobalSection
	GlobalSection(ProjectConfigurationPlatforms) = postSolution
		{C2A15C15-ACB2-41B3-A13C-AF18AADFD633}.Debug|Any CPU.ActiveCfg = Debug|Any CPU
		{C2A15C15-ACB2-41B3-A13C-AF18AADFD633}.Debug|Any CPU.Build.0 = Debug|Any CPU
		{C2A15C15-ACB2-41B3-A13C-AF18AADFD633}.Release|Any CPU.ActiveCfg = Release|Any CPU
		{C2A15C15-ACB2-41B3-A13C-AF18AADFD633}.Release|Any CPU.Build.0 = Release|Any CPU
		{BB865B02-F54F-491F-B606-76C0F86FD039}.Debug|Any CPU.ActiveCfg = Debug|Any CPU
		{BB865B02-F54F-491F-B606-76C0F86FD039}.Debug|Any CPU.Build.0 = Debug|Any CPU
		{BB865B02-F54F-491F-B606-76C0F86FD039}.Release|Any CPU.ActiveCfg = Release|Any CPU
		{BB865B02-F54F-491F-B606-76C0F86FD039}.Release|Any CPU.Build.0 = Release|Any CPU
		{70006319-0CEC-4C28-A666-BBC2B8398949}.Debug|Any CPU.ActiveCfg = Debug|Any CPU
		{70006319-0CEC-4C28-A666-BBC2B8398949}.Debug|Any CPU.Build.0 = Debug|Any CPU
		{70006319-0CEC-4C28-A666-BBC2B8398949}.Release|Any CPU.ActiveCfg = Release|Any CPU
		{70006319-0CEC-4C28-A666-BBC2B8398949}.Release|Any CPU.Build.0 = Release|Any CPU
	EndGlobalSection
	GlobalSection(SolutionProperties) = preSolution
		HideSolutionNode = FALSE
	EndGlobalSection
	GlobalSection(ExtensibilityGlobals) = postSolution
		SolutionGuid = {79C92FBA-D985-4B36-A50E-7AD7EE5C0B4D}
	EndGlobalSection
EndGlobal
