
Microsoft Visual Studio Solution File, Format Version 12.00
# Visual Studio Version 17
VisualStudioVersion = 17.2.32516.85
MinimumVisualStudioVersion = 10.0.40219.1
Project("{FAE04EC0-301F-11D3-BF4B-00C04F79EFBC}") = "WindowsFormsApp1", "WindowsFormsApp1\WindowsFormsApp1.csproj", "{482B1AE9-BAFD-47FA-9339-172F89B1CD2B}"
EndProject
Global
	GlobalSection(SolutionConfigurationPlatforms) = preSolution
		Debug|Any CPU = Debug|Any CPU
		Release|Any CPU = Release|Any CPU
	EndGlobalSection
	GlobalSection(ProjectConfigurationPlatforms) = postSolution
		{482B1AE9-BAFD-47FA-9339-172F89B1CD2B}.Debug|Any CPU.ActiveCfg = Debug|Any CPU
		{482B1AE9-BAFD-47FA-9339-172F89B1CD2B}.Debug|Any CPU.Build.0 = Debug|Any CPU
		{482B1AE9-BAFD-47FA-9339-172F89B1CD2B}.Release|Any CPU.ActiveCfg = Release|Any CPU
		{482B1AE9-BAFD-47FA-9339-172F89B1CD2B}.Release|Any CPU.Build.0 = Release|Any CPU
	EndGlobalSection
	GlobalSection(SolutionProperties) = preSolution
		HideSolutionNode = FALSE
	EndGlobalSection
	GlobalSection(ExtensibilityGlobals) = postSolution
		SolutionGuid = {0E31B968-9906-4351-A00C-B2F95A70925B}
	EndGlobalSection
EndGlobal
