
Microsoft Visual Studio Solution File, Format Version 12.00
# Visual Studio Version 17
VisualStudioVersion = 17.2.32526.322
MinimumVisualStudioVersion = 10.0.40219.1
Project("{FAE04EC0-301F-11D3-BF4B-00C04F79EFBC}") = "cBasicCalculator", "cBasicCalculator\cBasicCalculator.csproj", "{66A6BAFB-A168-4A28-8E25-6BA370233841}"
EndProject
Global
	GlobalSection(SolutionConfigurationPlatforms) = preSolution
		Debug|Any CPU = Debug|Any CPU
		Release|Any CPU = Release|Any CPU
	EndGlobalSection
	GlobalSection(ProjectConfigurationPlatforms) = postSolution
		{66A6BAFB-A168-4A28-8E25-6BA370233841}.Debug|Any CPU.ActiveCfg = Debug|Any CPU
		{66A6BAFB-A168-4A28-8E25-6BA370233841}.Debug|Any CPU.Build.0 = Debug|Any CPU
		{66A6BAFB-A168-4A28-8E25-6BA370233841}.Release|Any CPU.ActiveCfg = Release|Any CPU
		{66A6BAFB-A168-4A28-8E25-6BA370233841}.Release|Any CPU.Build.0 = Release|Any CPU
	EndGlobalSection
	GlobalSection(SolutionProperties) = preSolution
		HideSolutionNode = FALSE
	EndGlobalSection
	GlobalSection(ExtensibilityGlobals) = postSolution
		SolutionGuid = {4585A538-920D-4A36-B2CD-9A0741A0B0C9}
	EndGlobalSection
EndGlobal
