
Microsoft Visual Studio Solution File, Format Version 12.00
# Visual Studio Version 17
VisualStudioVersion = 17.2.32516.85
MinimumVisualStudioVersion = 10.0.40219.1
Project("{FAE04EC0-301F-11D3-BF4B-00C04F79EFBC}") = "myNewProject", "myNewProject\myNewProject.csproj", "{6616DE27-3068-4F4F-B24B-6A992AB13FBE}"
EndProject
Project("{FAE04EC0-301F-11D3-BF4B-00C04F79EFBC}") = "diffNameSpace", "diffNameSpace\diffNameSpace.csproj", "{C5297E16-27B5-4255-A839-E4E9CDE8182C}"
EndProject
Global
	GlobalSection(SolutionConfigurationPlatforms) = preSolution
		Debug|Any CPU = Debug|Any CPU
		Release|Any CPU = Release|Any CPU
	EndGlobalSection
	GlobalSection(ProjectConfigurationPlatforms) = postSolution
		{6616DE27-3068-4F4F-B24B-6A992AB13FBE}.Debug|Any CPU.ActiveCfg = Debug|Any CPU
		{6616DE27-3068-4F4F-B24B-6A992AB13FBE}.Debug|Any CPU.Build.0 = Debug|Any CPU
		{6616DE27-3068-4F4F-B24B-6A992AB13FBE}.Release|Any CPU.ActiveCfg = Release|Any CPU
		{6616DE27-3068-4F4F-B24B-6A992AB13FBE}.Release|Any CPU.Build.0 = Release|Any CPU
		{C5297E16-27B5-4255-A839-E4E9CDE8182C}.Debug|Any CPU.ActiveCfg = Debug|Any CPU
		{C5297E16-27B5-4255-A839-E4E9CDE8182C}.Debug|Any CPU.Build.0 = Debug|Any CPU
		{C5297E16-27B5-4255-A839-E4E9CDE8182C}.Release|Any CPU.ActiveCfg = Release|Any CPU
		{C5297E16-27B5-4255-A839-E4E9CDE8182C}.Release|Any CPU.Build.0 = Release|Any CPU
	EndGlobalSection
	GlobalSection(SolutionProperties) = preSolution
		HideSolutionNode = FALSE
	EndGlobalSection
	GlobalSection(ExtensibilityGlobals) = postSolution
		SolutionGuid = {B36A8AC6-EBE0-4712-B788-E69094802C9C}
	EndGlobalSection
EndGlobal
