
Microsoft Visual Studio Solution File, Format Version 12.00
# Visual Studio Version 17
VisualStudioVersion = 17.2.32516.85
MinimumVisualStudioVersion = 10.0.40219.1
Project("{FAE04EC0-301F-11D3-BF4B-00C04F79EFBC}") = "MyPersonal", "MyPersonal\MyPersonal.csproj", "{A968CCBE-65CE-471C-B797-76C65B72D20A}"
EndProject
Project("{FAE04EC0-301F-11D3-BF4B-00C04F79EFBC}") = "ConsoleApp1", "..\MyPersonal.new\ConsoleApp1\ConsoleApp1.csproj", "{FD96D4F6-7051-485A-8571-2D94237E000E}"
EndProject
Global
	GlobalSection(SolutionConfigurationPlatforms) = preSolution
		Debug|Any CPU = Debug|Any CPU
		Release|Any CPU = Release|Any CPU
	EndGlobalSection
	GlobalSection(ProjectConfigurationPlatforms) = postSolution
		{A968CCBE-65CE-471C-B797-76C65B72D20A}.Debug|Any CPU.ActiveCfg = Debug|Any CPU
		{A968CCBE-65CE-471C-B797-76C65B72D20A}.Debug|Any CPU.Build.0 = Debug|Any CPU
		{A968CCBE-65CE-471C-B797-76C65B72D20A}.Release|Any CPU.ActiveCfg = Release|Any CPU
		{A968CCBE-65CE-471C-B797-76C65B72D20A}.Release|Any CPU.Build.0 = Release|Any CPU
		{FD96D4F6-7051-485A-8571-2D94237E000E}.Debug|Any CPU.ActiveCfg = Debug|Any CPU
		{FD96D4F6-7051-485A-8571-2D94237E000E}.Debug|Any CPU.Build.0 = Debug|Any CPU
		{FD96D4F6-7051-485A-8571-2D94237E000E}.Release|Any CPU.ActiveCfg = Release|Any CPU
		{FD96D4F6-7051-485A-8571-2D94237E000E}.Release|Any CPU.Build.0 = Release|Any CPU
	EndGlobalSection
	GlobalSection(SolutionProperties) = preSolution
		HideSolutionNode = FALSE
	EndGlobalSection
	GlobalSection(ExtensibilityGlobals) = postSolution
		SolutionGuid = {4BB39247-4D9D-40A5-AC11-025E0C598D3D}
	EndGlobalSection
EndGlobal
