
Microsoft Visual Studio Solution File, Format Version 12.00
# Visual Studio Version 16
VisualStudioVersion = 16.0.30104.148
MinimumVisualStudioVersion = 10.0.40219.1
Project("{FAE04EC0-301F-11D3-BF4B-00C04F79EFBC}") = "ConsoleAppClass", "ConsoleAppClass\ConsoleAppClass.csproj", "{12733C5B-31C0-40AB-8A1B-6A0AE76C0D7B}"
EndProject
Global
	GlobalSection(SolutionConfigurationPlatforms) = preSolution
		Debug|Any CPU = Debug|Any CPU
		Release|Any CPU = Release|Any CPU
	EndGlobalSection
	GlobalSection(ProjectConfigurationPlatforms) = postSolution
		{12733C5B-31C0-40AB-8A1B-6A0AE76C0D7B}.Debug|Any CPU.ActiveCfg = Debug|Any CPU
		{12733C5B-31C0-40AB-8A1B-6A0AE76C0D7B}.Debug|Any CPU.Build.0 = Debug|Any CPU
		{12733C5B-31C0-40AB-8A1B-6A0AE76C0D7B}.Release|Any CPU.ActiveCfg = Release|Any CPU
		{12733C5B-31C0-40AB-8A1B-6A0AE76C0D7B}.Release|Any CPU.Build.0 = Release|Any CPU
	EndGlobalSection
	GlobalSection(SolutionProperties) = preSolution
		HideSolutionNode = FALSE
	EndGlobalSection
	GlobalSection(ExtensibilityGlobals) = postSolution
		SolutionGuid = {33062714-C976-4ABE-BD8D-5450A0CEE666}
	EndGlobalSection
EndGlobal
