
Microsoft Visual Studio Solution File, Format Version 12.00
# Visual Studio Version 16
VisualStudioVersion = 16.0.30104.148
MinimumVisualStudioVersion = 10.0.40219.1
Project("{FAE04EC0-301F-11D3-BF4B-00C04F79EFBC}") = "ConsoleAppContainer", "ConsoleAppContainer\ConsoleAppContainer.csproj", "{F10E7890-906C-4AFB-9430-BFD3E1A0EC40}"
EndProject
Global
	GlobalSection(SolutionConfigurationPlatforms) = preSolution
		Debug|Any CPU = Debug|Any CPU
		Release|Any CPU = Release|Any CPU
	EndGlobalSection
	GlobalSection(ProjectConfigurationPlatforms) = postSolution
		{F10E7890-906C-4AFB-9430-BFD3E1A0EC40}.Debug|Any CPU.ActiveCfg = Debug|Any CPU
		{F10E7890-906C-4AFB-9430-BFD3E1A0EC40}.Debug|Any CPU.Build.0 = Debug|Any CPU
		{F10E7890-906C-4AFB-9430-BFD3E1A0EC40}.Release|Any CPU.ActiveCfg = Release|Any CPU
		{F10E7890-906C-4AFB-9430-BFD3E1A0EC40}.Release|Any CPU.Build.0 = Release|Any CPU
	EndGlobalSection
	GlobalSection(SolutionProperties) = preSolution
		HideSolutionNode = FALSE
	EndGlobalSection
	GlobalSection(ExtensibilityGlobals) = postSolution
		SolutionGuid = {F5AC4474-28F3-4141-8FBE-2931AD823338}
	EndGlobalSection
EndGlobal
